
Microsoft Visual Studio Solution File, Format Version 12.00
# Visual Studio Version 17
VisualStudioVersion = 17.14.36127.28 d17.14
MinimumVisualStudioVersion = 10.0.40219.1
Project("{FAE04EC0-301F-11D3-BF4B-00C04F79EFBC}") = "PasswordManager", "PasswordManager\PasswordManager.csproj", "{B7A35420-40C7-4A43-8740-8F1582597F10}"
EndProject
Global
	GlobalSection(SolutionConfigurationPlatforms) = preSolution
		Debug|Any CPU = Debug|Any CPU
		Release|Any CPU = Release|Any CPU
	EndGlobalSection
	GlobalSection(ProjectConfigurationPlatforms) = postSolution
		{B7A35420-40C7-4A43-8740-8F1582597F10}.Debug|Any CPU.ActiveCfg = Debug|Any CPU
		{B7A35420-40C7-4A43-8740-8F1582597F10}.Debug|Any CPU.Build.0 = Debug|Any CPU
		{B7A35420-40C7-4A43-8740-8F1582597F10}.Release|Any CPU.ActiveCfg = Release|Any CPU
		{B7A35420-40C7-4A43-8740-8F1582597F10}.Release|Any CPU.Build.0 = Release|Any CPU
	EndGlobalSection
	GlobalSection(SolutionProperties) = preSolution
		HideSolutionNode = FALSE
	EndGlobalSection
	GlobalSection(ExtensibilityGlobals) = postSolution
		SolutionGuid = {BD443212-3AC1-491C-A04D-40B55CFC6E97}
	EndGlobalSection
EndGlobal
